{
  "name": "the-dank-web",
  "lockfileVersion": 3,
  "requires": true,
  "packages": {
    "": {
      "dependencies": {
        "siennasql": "^1.0.1"
      }
    },
    "node_modules/siennasql": {
      "version": "1.0.1",
      "resolved": "https://registry.npmjs.org/siennasql/-/siennasql-1.0.1.tgz",
      "integrity": "sha512-evBf3BOrMu+2doiMvTryyPWRWj6d44KYZJVeyLC7bdughOuPYilkdbZiL6YKTuO1ckVKyVO+i/6T+MZVeChX8A==",
      "license": "MIT"
    }
  }
}
